
Microsoft Visual Studio Solution File, Format Version 12.00
# Visual Studio Version 16
VisualStudioVersion = 16.0.29709.97
MinimumVisualStudioVersion = 15.0.26124.0
Project("{9A19103F-16F7-4668-BE54-9A1E7A4F7556}") = "FplBot.Tests", "FplBot.Tests\FplBot.Tests.csproj", "{0DB12843-588F-4B7B-837C-1D8D12683751}"
EndProject
Project("{9A19103F-16F7-4668-BE54-9A1E7A4F7556}") = "FplBot.Build", "..\build\FplBot.Build.csproj", "{E45F0A3A-13B7-4CB1-B02B-9B979FD1C67B}"
EndProject
Project("{9A19103F-16F7-4668-BE54-9A1E7A4F7556}") = "Fpl.Client", "Fpl.Client\Fpl.Client.csproj", "{76C6B8FB-F47B-45BA-894C-A58D48D98D56}"
EndProject
Project("{9A19103F-16F7-4668-BE54-9A1E7A4F7556}") = "FplBot.Core", "FplBot.Core\FplBot.Core.csproj", "{839A5FF5-4B18-4B5A-9922-5A8F9EE29ADC}"
EndProject
Project("{9A19103F-16F7-4668-BE54-9A1E7A4F7556}") = "FplBot.WebApi", "FplBot.WebApi\FplBot.WebApi.csproj", "{1037B3F4-02E9-4DE4-AD56-7651E0FB7808}"
EndProject
Project("{9A19103F-16F7-4668-BE54-9A1E7A4F7556}") = "FplBot.WebApi.Tests", "FplBot.WebApi.Tests\FplBot.WebApi.Tests.csproj", "{10C77C57-4C2B-4E28-BC76-4BFB1AB0BB99}"
EndProject
Project("{2150E333-8FDC-42A3-9474-1A3956D46DE8}") = "Build", "Build", "{F7DA770E-772F-4E70-BD50-1121343BA7D7}"
	ProjectSection(SolutionItems) = preProject
		..\buildherokuimage.sh = ..\buildherokuimage.sh
		Directory.Build.targets = Directory.Build.targets
		..\test.http = ..\test.http
		.gitignore = ../.gitignore
		..\GitVersion.yml = ..\GitVersion.yml
		..\Dockerfile = ..\Dockerfile
	EndProjectSection
EndProject
Project("{2150E333-8FDC-42A3-9474-1A3956D46DE8}") = "github", "github", "{3A8DA51F-F076-4468-8F49-B101E912748C}"
ProjectSection(SolutionItems) = preProject
	CI.yml = ..\.github\workflows\CI.yml
	DeployToProd.yml = ..\.github\workflows\DeployToProd.yml
	DeployToTest.yml = ..\.github\workflows\DeployToTest.yml
EndProjectSection
EndProject
Project("{2150E333-8FDC-42A3-9474-1A3956D46DE8}") = "ext", "ext", "{51FD3283-052A-4E69-B969-B487BF5BBA69}"
EndProject
Project("{9A19103F-16F7-4668-BE54-9A1E7A4F7556}") = "Slackbot.Net.Endpoints", "ext\Slackbot.Net.Endpoints\Slackbot.Net.Endpoints.csproj", "{ECC19629-1EB6-45D5-8530-AB27000684FC}"
EndProject
Project("{9A19103F-16F7-4668-BE54-9A1E7A4F7556}") = "Slackbot.Net.SlackClients.Http", "ext\Slackbot.Net.SlackClients.Http\Slackbot.Net.SlackClients.Http.csproj", "{DD064626-123D-4EE2-8FBE-36B7D386877F}"
EndProject
Project("{9A19103F-16F7-4668-BE54-9A1E7A4F7556}") = "Slackbot.Net.Shared", "ext\Slackbot.Net.Shared\Slackbot.Net.Shared.csproj", "{95350AF0-EFA5-48A6-80DD-9DE6C200D6EA}"
EndProject
Project("{FAE04EC0-301F-11D3-BF4B-00C04F79EFBC}") = "FplBot.Messaging.Contracts", "FplBot.Messaging.Contracts\FplBot.Messaging.Contracts.csproj", "{839F77B2-CBE2-4C16-A384-F2768EAD88F6}"
EndProject
Project("{9A19103F-16F7-4668-BE54-9A1E7A4F7556}") = "Fpl.Search", "Fpl.Search\Fpl.Search.csproj", "{DECDBD96-27D1-4F54-9BC7-4F6DF5842E99}"
EndProject
Project("{9A19103F-16F7-4668-BE54-9A1E7A4F7556}") = "Fpl.SearchConsole", "Fpl.SearchConsole\Fpl.SearchConsole.csproj", "{8638EB58-F84F-43B0-9ECF-C60D8BA6B742}"
EndProject
Project("{2150E333-8FDC-42A3-9474-1A3956D46DE8}") = "src", "src", "{8BF7B64C-7CAC-489B-B419-F5B2A20954D9}"
EndProject
Project("{2150E333-8FDC-42A3-9474-1A3956D46DE8}") = "test", "test", "{1AD92010-0595-4213-95ED-F57DF177968F}"
EndProject
Global
	GlobalSection(SolutionConfigurationPlatforms) = preSolution
		Debug|Any CPU = Debug|Any CPU
		Debug|x64 = Debug|x64
		Debug|x86 = Debug|x86
		Release|Any CPU = Release|Any CPU
		Release|x64 = Release|x64
		Release|x86 = Release|x86
	EndGlobalSection
	GlobalSection(ProjectConfigurationPlatforms) = postSolution
		{0DB12843-588F-4B7B-837C-1D8D12683751}.Debug|Any CPU.ActiveCfg = Debug|Any CPU
		{0DB12843-588F-4B7B-837C-1D8D12683751}.Debug|Any CPU.Build.0 = Debug|Any CPU
		{0DB12843-588F-4B7B-837C-1D8D12683751}.Debug|x64.ActiveCfg = Debug|Any CPU
		{0DB12843-588F-4B7B-837C-1D8D12683751}.Debug|x64.Build.0 = Debug|Any CPU
		{0DB12843-588F-4B7B-837C-1D8D12683751}.Debug|x86.ActiveCfg = Debug|Any CPU
		{0DB12843-588F-4B7B-837C-1D8D12683751}.Debug|x86.Build.0 = Debug|Any CPU
		{0DB12843-588F-4B7B-837C-1D8D12683751}.Release|Any CPU.ActiveCfg = Release|Any CPU
		{0DB12843-588F-4B7B-837C-1D8D12683751}.Release|Any CPU.Build.0 = Release|Any CPU
		{0DB12843-588F-4B7B-837C-1D8D12683751}.Release|x64.ActiveCfg = Release|Any CPU
		{0DB12843-588F-4B7B-837C-1D8D12683751}.Release|x64.Build.0 = Release|Any CPU
		{0DB12843-588F-4B7B-837C-1D8D12683751}.Release|x86.ActiveCfg = Release|Any CPU
		{0DB12843-588F-4B7B-837C-1D8D12683751}.Release|x86.Build.0 = Release|Any CPU
		{E45F0A3A-13B7-4CB1-B02B-9B979FD1C67B}.Debug|Any CPU.ActiveCfg = Debug|Any CPU
		{E45F0A3A-13B7-4CB1-B02B-9B979FD1C67B}.Debug|x64.ActiveCfg = Debug|Any CPU
		{E45F0A3A-13B7-4CB1-B02B-9B979FD1C67B}.Debug|x64.Build.0 = Debug|Any CPU
		{E45F0A3A-13B7-4CB1-B02B-9B979FD1C67B}.Debug|x86.ActiveCfg = Debug|Any CPU
		{E45F0A3A-13B7-4CB1-B02B-9B979FD1C67B}.Debug|x86.Build.0 = Debug|Any CPU
		{E45F0A3A-13B7-4CB1-B02B-9B979FD1C67B}.Release|Any CPU.ActiveCfg = Release|Any CPU
		{E45F0A3A-13B7-4CB1-B02B-9B979FD1C67B}.Release|x64.ActiveCfg = Release|Any CPU
		{E45F0A3A-13B7-4CB1-B02B-9B979FD1C67B}.Release|x64.Build.0 = Release|Any CPU
		{E45F0A3A-13B7-4CB1-B02B-9B979FD1C67B}.Release|x86.ActiveCfg = Release|Any CPU
		{E45F0A3A-13B7-4CB1-B02B-9B979FD1C67B}.Release|x86.Build.0 = Release|Any CPU
		{76C6B8FB-F47B-45BA-894C-A58D48D98D56}.Debug|Any CPU.ActiveCfg = Debug|Any CPU
		{76C6B8FB-F47B-45BA-894C-A58D48D98D56}.Debug|Any CPU.Build.0 = Debug|Any CPU
		{76C6B8FB-F47B-45BA-894C-A58D48D98D56}.Debug|x64.ActiveCfg = Debug|Any CPU
		{76C6B8FB-F47B-45BA-894C-A58D48D98D56}.Debug|x64.Build.0 = Debug|Any CPU
		{76C6B8FB-F47B-45BA-894C-A58D48D98D56}.Debug|x86.ActiveCfg = Debug|Any CPU
		{76C6B8FB-F47B-45BA-894C-A58D48D98D56}.Debug|x86.Build.0 = Debug|Any CPU
		{76C6B8FB-F47B-45BA-894C-A58D48D98D56}.Release|Any CPU.ActiveCfg = Release|Any CPU
		{76C6B8FB-F47B-45BA-894C-A58D48D98D56}.Release|Any CPU.Build.0 = Release|Any CPU
		{76C6B8FB-F47B-45BA-894C-A58D48D98D56}.Release|x64.ActiveCfg = Release|Any CPU
		{76C6B8FB-F47B-45BA-894C-A58D48D98D56}.Release|x64.Build.0 = Release|Any CPU
		{76C6B8FB-F47B-45BA-894C-A58D48D98D56}.Release|x86.ActiveCfg = Release|Any CPU
		{76C6B8FB-F47B-45BA-894C-A58D48D98D56}.Release|x86.Build.0 = Release|Any CPU
		{839A5FF5-4B18-4B5A-9922-5A8F9EE29ADC}.Debug|Any CPU.ActiveCfg = Debug|Any CPU
		{839A5FF5-4B18-4B5A-9922-5A8F9EE29ADC}.Debug|Any CPU.Build.0 = Debug|Any CPU
		{839A5FF5-4B18-4B5A-9922-5A8F9EE29ADC}.Debug|x64.ActiveCfg = Debug|Any CPU
		{839A5FF5-4B18-4B5A-9922-5A8F9EE29ADC}.Debug|x64.Build.0 = Debug|Any CPU
		{839A5FF5-4B18-4B5A-9922-5A8F9EE29ADC}.Debug|x86.ActiveCfg = Debug|Any CPU
		{839A5FF5-4B18-4B5A-9922-5A8F9EE29ADC}.Debug|x86.Build.0 = Debug|Any CPU
		{839A5FF5-4B18-4B5A-9922-5A8F9EE29ADC}.Release|Any CPU.ActiveCfg = Release|Any CPU
		{839A5FF5-4B18-4B5A-9922-5A8F9EE29ADC}.Release|Any CPU.Build.0 = Release|Any CPU
		{839A5FF5-4B18-4B5A-9922-5A8F9EE29ADC}.Release|x64.ActiveCfg = Release|Any CPU
		{839A5FF5-4B18-4B5A-9922-5A8F9EE29ADC}.Release|x64.Build.0 = Release|Any CPU
		{839A5FF5-4B18-4B5A-9922-5A8F9EE29ADC}.Release|x86.ActiveCfg = Release|Any CPU
		{839A5FF5-4B18-4B5A-9922-5A8F9EE29ADC}.Release|x86.Build.0 = Release|Any CPU
		{1037B3F4-02E9-4DE4-AD56-7651E0FB7808}.Debug|Any CPU.ActiveCfg = Debug|Any CPU
		{1037B3F4-02E9-4DE4-AD56-7651E0FB7808}.Debug|Any CPU.Build.0 = Debug|Any CPU
		{1037B3F4-02E9-4DE4-AD56-7651E0FB7808}.Debug|x64.ActiveCfg = Debug|Any CPU
		{1037B3F4-02E9-4DE4-AD56-7651E0FB7808}.Debug|x64.Build.0 = Debug|Any CPU
		{1037B3F4-02E9-4DE4-AD56-7651E0FB7808}.Debug|x86.ActiveCfg = Debug|Any CPU
		{1037B3F4-02E9-4DE4-AD56-7651E0FB7808}.Debug|x86.Build.0 = Debug|Any CPU
		{1037B3F4-02E9-4DE4-AD56-7651E0FB7808}.Release|Any CPU.ActiveCfg = Release|Any CPU
		{1037B3F4-02E9-4DE4-AD56-7651E0FB7808}.Release|Any CPU.Build.0 = Release|Any CPU
		{1037B3F4-02E9-4DE4-AD56-7651E0FB7808}.Release|x64.ActiveCfg = Release|Any CPU
		{1037B3F4-02E9-4DE4-AD56-7651E0FB7808}.Release|x64.Build.0 = Release|Any CPU
		{1037B3F4-02E9-4DE4-AD56-7651E0FB7808}.Release|x86.ActiveCfg = Release|Any CPU
		{1037B3F4-02E9-4DE4-AD56-7651E0FB7808}.Release|x86.Build.0 = Release|Any CPU
		{10C77C57-4C2B-4E28-BC76-4BFB1AB0BB99}.Debug|Any CPU.ActiveCfg = Debug|Any CPU
		{10C77C57-4C2B-4E28-BC76-4BFB1AB0BB99}.Debug|Any CPU.Build.0 = Debug|Any CPU
		{10C77C57-4C2B-4E28-BC76-4BFB1AB0BB99}.Debug|x64.ActiveCfg = Debug|Any CPU
		{10C77C57-4C2B-4E28-BC76-4BFB1AB0BB99}.Debug|x64.Build.0 = Debug|Any CPU
		{10C77C57-4C2B-4E28-BC76-4BFB1AB0BB99}.Debug|x86.ActiveCfg = Debug|Any CPU
		{10C77C57-4C2B-4E28-BC76-4BFB1AB0BB99}.Debug|x86.Build.0 = Debug|Any CPU
		{10C77C57-4C2B-4E28-BC76-4BFB1AB0BB99}.Release|Any CPU.ActiveCfg = Release|Any CPU
		{10C77C57-4C2B-4E28-BC76-4BFB1AB0BB99}.Release|Any CPU.Build.0 = Release|Any CPU
		{10C77C57-4C2B-4E28-BC76-4BFB1AB0BB99}.Release|x64.ActiveCfg = Release|Any CPU
		{10C77C57-4C2B-4E28-BC76-4BFB1AB0BB99}.Release|x64.Build.0 = Release|Any CPU
		{10C77C57-4C2B-4E28-BC76-4BFB1AB0BB99}.Release|x86.ActiveCfg = Release|Any CPU
		{10C77C57-4C2B-4E28-BC76-4BFB1AB0BB99}.Release|x86.Build.0 = Release|Any CPU
		{ECC19629-1EB6-45D5-8530-AB27000684FC}.Debug|Any CPU.ActiveCfg = Debug|Any CPU
		{ECC19629-1EB6-45D5-8530-AB27000684FC}.Debug|Any CPU.Build.0 = Debug|Any CPU
		{ECC19629-1EB6-45D5-8530-AB27000684FC}.Debug|x64.ActiveCfg = Debug|Any CPU
		{ECC19629-1EB6-45D5-8530-AB27000684FC}.Debug|x64.Build.0 = Debug|Any CPU
		{ECC19629-1EB6-45D5-8530-AB27000684FC}.Debug|x86.ActiveCfg = Debug|Any CPU
		{ECC19629-1EB6-45D5-8530-AB27000684FC}.Debug|x86.Build.0 = Debug|Any CPU
		{ECC19629-1EB6-45D5-8530-AB27000684FC}.Release|Any CPU.ActiveCfg = Release|Any CPU
		{ECC19629-1EB6-45D5-8530-AB27000684FC}.Release|Any CPU.Build.0 = Release|Any CPU
		{ECC19629-1EB6-45D5-8530-AB27000684FC}.Release|x64.ActiveCfg = Release|Any CPU
		{ECC19629-1EB6-45D5-8530-AB27000684FC}.Release|x64.Build.0 = Release|Any CPU
		{ECC19629-1EB6-45D5-8530-AB27000684FC}.Release|x86.ActiveCfg = Release|Any CPU
		{ECC19629-1EB6-45D5-8530-AB27000684FC}.Release|x86.Build.0 = Release|Any CPU
		{DD064626-123D-4EE2-8FBE-36B7D386877F}.Debug|Any CPU.ActiveCfg = Debug|Any CPU
		{DD064626-123D-4EE2-8FBE-36B7D386877F}.Debug|Any CPU.Build.0 = Debug|Any CPU
		{DD064626-123D-4EE2-8FBE-36B7D386877F}.Debug|x64.ActiveCfg = Debug|Any CPU
		{DD064626-123D-4EE2-8FBE-36B7D386877F}.Debug|x64.Build.0 = Debug|Any CPU
		{DD064626-123D-4EE2-8FBE-36B7D386877F}.Debug|x86.ActiveCfg = Debug|Any CPU
		{DD064626-123D-4EE2-8FBE-36B7D386877F}.Debug|x86.Build.0 = Debug|Any CPU
		{DD064626-123D-4EE2-8FBE-36B7D386877F}.Release|Any CPU.ActiveCfg = Release|Any CPU
		{DD064626-123D-4EE2-8FBE-36B7D386877F}.Release|Any CPU.Build.0 = Release|Any CPU
		{DD064626-123D-4EE2-8FBE-36B7D386877F}.Release|x64.ActiveCfg = Release|Any CPU
		{DD064626-123D-4EE2-8FBE-36B7D386877F}.Release|x64.Build.0 = Release|Any CPU
		{DD064626-123D-4EE2-8FBE-36B7D386877F}.Release|x86.ActiveCfg = Release|Any CPU
		{DD064626-123D-4EE2-8FBE-36B7D386877F}.Release|x86.Build.0 = Release|Any CPU
		{95350AF0-EFA5-48A6-80DD-9DE6C200D6EA}.Debug|Any CPU.ActiveCfg = Debug|Any CPU
		{95350AF0-EFA5-48A6-80DD-9DE6C200D6EA}.Debug|Any CPU.Build.0 = Debug|Any CPU
		{95350AF0-EFA5-48A6-80DD-9DE6C200D6EA}.Debug|x64.ActiveCfg = Debug|Any CPU
		{95350AF0-EFA5-48A6-80DD-9DE6C200D6EA}.Debug|x64.Build.0 = Debug|Any CPU
		{95350AF0-EFA5-48A6-80DD-9DE6C200D6EA}.Debug|x86.ActiveCfg = Debug|Any CPU
		{95350AF0-EFA5-48A6-80DD-9DE6C200D6EA}.Debug|x86.Build.0 = Debug|Any CPU
		{95350AF0-EFA5-48A6-80DD-9DE6C200D6EA}.Release|Any CPU.ActiveCfg = Release|Any CPU
		{95350AF0-EFA5-48A6-80DD-9DE6C200D6EA}.Release|Any CPU.Build.0 = Release|Any CPU
		{95350AF0-EFA5-48A6-80DD-9DE6C200D6EA}.Release|x64.ActiveCfg = Release|Any CPU
		{95350AF0-EFA5-48A6-80DD-9DE6C200D6EA}.Release|x64.Build.0 = Release|Any CPU
		{95350AF0-EFA5-48A6-80DD-9DE6C200D6EA}.Release|x86.ActiveCfg = Release|Any CPU
		{95350AF0-EFA5-48A6-80DD-9DE6C200D6EA}.Release|x86.Build.0 = Release|Any CPU
		{839F77B2-CBE2-4C16-A384-F2768EAD88F6}.Debug|Any CPU.ActiveCfg = Debug|Any CPU
		{839F77B2-CBE2-4C16-A384-F2768EAD88F6}.Debug|Any CPU.Build.0 = Debug|Any CPU
		{839F77B2-CBE2-4C16-A384-F2768EAD88F6}.Debug|x64.ActiveCfg = Debug|Any CPU
		{839F77B2-CBE2-4C16-A384-F2768EAD88F6}.Debug|x64.Build.0 = Debug|Any CPU
		{839F77B2-CBE2-4C16-A384-F2768EAD88F6}.Debug|x86.ActiveCfg = Debug|Any CPU
		{839F77B2-CBE2-4C16-A384-F2768EAD88F6}.Debug|x86.Build.0 = Debug|Any CPU
		{839F77B2-CBE2-4C16-A384-F2768EAD88F6}.Release|Any CPU.ActiveCfg = Release|Any CPU
		{839F77B2-CBE2-4C16-A384-F2768EAD88F6}.Release|Any CPU.Build.0 = Release|Any CPU
		{839F77B2-CBE2-4C16-A384-F2768EAD88F6}.Release|x64.ActiveCfg = Release|Any CPU
		{839F77B2-CBE2-4C16-A384-F2768EAD88F6}.Release|x64.Build.0 = Release|Any CPU
		{839F77B2-CBE2-4C16-A384-F2768EAD88F6}.Release|x86.ActiveCfg = Release|Any CPU
		{839F77B2-CBE2-4C16-A384-F2768EAD88F6}.Release|x86.Build.0 = Release|Any CPU
		{DECDBD96-27D1-4F54-9BC7-4F6DF5842E99}.Debug|Any CPU.ActiveCfg = Debug|Any CPU
		{DECDBD96-27D1-4F54-9BC7-4F6DF5842E99}.Debug|Any CPU.Build.0 = Debug|Any CPU
		{DECDBD96-27D1-4F54-9BC7-4F6DF5842E99}.Debug|x64.ActiveCfg = Debug|Any CPU
		{DECDBD96-27D1-4F54-9BC7-4F6DF5842E99}.Debug|x64.Build.0 = Debug|Any CPU
		{DECDBD96-27D1-4F54-9BC7-4F6DF5842E99}.Debug|x86.ActiveCfg = Debug|Any CPU
		{DECDBD96-27D1-4F54-9BC7-4F6DF5842E99}.Debug|x86.Build.0 = Debug|Any CPU
		{DECDBD96-27D1-4F54-9BC7-4F6DF5842E99}.Release|Any CPU.ActiveCfg = Release|Any CPU
		{DECDBD96-27D1-4F54-9BC7-4F6DF5842E99}.Release|Any CPU.Build.0 = Release|Any CPU
		{DECDBD96-27D1-4F54-9BC7-4F6DF5842E99}.Release|x64.ActiveCfg = Release|Any CPU
		{DECDBD96-27D1-4F54-9BC7-4F6DF5842E99}.Release|x64.Build.0 = Release|Any CPU
		{DECDBD96-27D1-4F54-9BC7-4F6DF5842E99}.Release|x86.ActiveCfg = Release|Any CPU
		{DECDBD96-27D1-4F54-9BC7-4F6DF5842E99}.Release|x86.Build.0 = Release|Any CPU
		{8638EB58-F84F-43B0-9ECF-C60D8BA6B742}.Debug|Any CPU.ActiveCfg = Debug|Any CPU
		{8638EB58-F84F-43B0-9ECF-C60D8BA6B742}.Debug|Any CPU.Build.0 = Debug|Any CPU
		{8638EB58-F84F-43B0-9ECF-C60D8BA6B742}.Debug|x64.ActiveCfg = Debug|Any CPU
		{8638EB58-F84F-43B0-9ECF-C60D8BA6B742}.Debug|x64.Build.0 = Debug|Any CPU
		{8638EB58-F84F-43B0-9ECF-C60D8BA6B742}.Debug|x86.ActiveCfg = Debug|Any CPU
		{8638EB58-F84F-43B0-9ECF-C60D8BA6B742}.Debug|x86.Build.0 = Debug|Any CPU
		{8638EB58-F84F-43B0-9ECF-C60D8BA6B742}.Release|Any CPU.ActiveCfg = Release|Any CPU
		{8638EB58-F84F-43B0-9ECF-C60D8BA6B742}.Release|Any CPU.Build.0 = Release|Any CPU
		{8638EB58-F84F-43B0-9ECF-C60D8BA6B742}.Release|x64.ActiveCfg = Release|Any CPU
		{8638EB58-F84F-43B0-9ECF-C60D8BA6B742}.Release|x64.Build.0 = Release|Any CPU
		{8638EB58-F84F-43B0-9ECF-C60D8BA6B742}.Release|x86.ActiveCfg = Release|Any CPU
		{8638EB58-F84F-43B0-9ECF-C60D8BA6B742}.Release|x86.Build.0 = Release|Any CPU
	EndGlobalSection
	GlobalSection(SolutionProperties) = preSolution
		HideSolutionNode = FALSE
	EndGlobalSection
	GlobalSection(NestedProjects) = preSolution
		{E45F0A3A-13B7-4CB1-B02B-9B979FD1C67B} = {F7DA770E-772F-4E70-BD50-1121343BA7D7}
		{3A8DA51F-F076-4468-8F49-B101E912748C} = {F7DA770E-772F-4E70-BD50-1121343BA7D7}
		{ECC19629-1EB6-45D5-8530-AB27000684FC} = {51FD3283-052A-4E69-B969-B487BF5BBA69}
		{DD064626-123D-4EE2-8FBE-36B7D386877F} = {51FD3283-052A-4E69-B969-B487BF5BBA69}
		{95350AF0-EFA5-48A6-80DD-9DE6C200D6EA} = {51FD3283-052A-4E69-B969-B487BF5BBA69}
	EndGlobalSection
	GlobalSection(ExtensibilityGlobals) = postSolution
		SolutionGuid = {B0BB4AA1-C89E-4A74-87DA-74A5E209B8B0}
	EndGlobalSection
EndGlobal
