<Solution>
  <Project Path="Build/Build.csproj">
    <Build Solution="Debug|*" Project="false" />
  </Project>
  <Project Path="FplBot.AppHost/FplBot.AppHost.csproj">
    <Build Solution="Debug|*" Project="false" />
  </Project>
  <Project Path="FplBot.Tests/FplBot.Tests.csproj" />
  <Project Path="FplBot/FplBot.csproj" />
</Solution>
