
Microsoft Visual Studio Solution File, Format Version 12.00
# Visual Studio Version 16
VisualStudioVersion = 16.0.29709.97
MinimumVisualStudioVersion = 15.0.26124.0
Project("{9A19103F-16F7-4668-BE54-9A1E7A4F7556}") = "FplBot.Tests", "FplBot.Tests\FplBot.Tests.csproj", "{0DB12843-588F-4B7B-837C-1D8D12683751}"
EndProject
Project("{9A19103F-16F7-4668-BE54-9A1E7A4F7556}") = "Fpl.Client", "Fpl.Client\Fpl.Client.csproj", "{76C6B8FB-F47B-45BA-894C-A58D48D98D56}"
EndProject
Project("{9A19103F-16F7-4668-BE54-9A1E7A4F7556}") = "FplBot.WebApi.Slack", "FplBot.WebApi.Slack\FplBot.WebApi.Slack.csproj", "{839A5FF5-4B18-4B5A-9922-5A8F9EE29ADC}"
EndProject
Project("{9A19103F-16F7-4668-BE54-9A1E7A4F7556}") = "FplBot.WebApi", "FplBot.WebApi\FplBot.WebApi.csproj", "{1037B3F4-02E9-4DE4-AD56-7651E0FB7808}"
EndProject
Project("{9A19103F-16F7-4668-BE54-9A1E7A4F7556}") = "FplBot.WebApi.Tests", "FplBot.WebApi.Tests\FplBot.WebApi.Tests.csproj", "{10C77C57-4C2B-4E28-BC76-4BFB1AB0BB99}"
EndProject
Project("{2150E333-8FDC-42A3-9474-1A3956D46DE8}") = "Build", "Build", "{F7DA770E-772F-4E70-BD50-1121343BA7D7}"
	ProjectSection(SolutionItems) = preProject
		Directory.Packages.props = Directory.Packages.props
		..\test.http = ..\test.http
		.gitignore = ../.gitignore
		..\GitVersion.yml = ..\GitVersion.yml
		..\.editorconfig = ..\.editorconfig
		..\README.md = ..\README.md
		..\CONTRIBUTING.md = ..\CONTRIBUTING.md
		Dockerfile.eventpublisher = Dockerfile.eventpublisher
		Dockerfile.web = Dockerfile.web
		Dockerfile.indexer = Dockerfile.indexer
		Dockerfile.eventhandler = Dockerfile.eventhandler
	EndProjectSection
EndProject
Project("{2150E333-8FDC-42A3-9474-1A3956D46DE8}") = "github", "github", "{3A8DA51F-F076-4468-8F49-B101E912748C}"
	ProjectSection(SolutionItems) = preProject
		CI.yml = ..\.github\workflows\CI.yml
		DeployToProd.yml = ..\.github\workflows\DeployToProd.yml
		DeployToTest.yml = ..\.github\workflows\DeployToTest.yml
		..\.github\workflows\PulumiUpProd.yml = ..\.github\workflows\PulumiUpProd.yml
		..\.github\workflows\PulumiUpTest.yml = ..\.github\workflows\PulumiUpTest.yml
	EndProjectSection
EndProject
Project("{2150E333-8FDC-42A3-9474-1A3956D46DE8}") = "ext", "ext", "{51FD3283-052A-4E69-B969-B487BF5BBA69}"
EndProject
Project("{FAE04EC0-301F-11D3-BF4B-00C04F79EFBC}") = "FplBot.Messaging.Contracts", "FplBot.Messaging.Contracts\FplBot.Messaging.Contracts.csproj", "{839F77B2-CBE2-4C16-A384-F2768EAD88F6}"
EndProject
Project("{9A19103F-16F7-4668-BE54-9A1E7A4F7556}") = "Fpl.Search", "Fpl.Search\Fpl.Search.csproj", "{DECDBD96-27D1-4F54-9BC7-4F6DF5842E99}"
EndProject
Project("{9A19103F-16F7-4668-BE54-9A1E7A4F7556}") = "Fpl.Search.CommandLine", "Fpl.Search.CommandLine\Fpl.Search.CommandLine.csproj", "{8638EB58-F84F-43B0-9ECF-C60D8BA6B742}"
EndProject
Project("{2150E333-8FDC-42A3-9474-1A3956D46DE8}") = "src", "src", "{8BF7B64C-7CAC-489B-B419-F5B2A20954D9}"
EndProject
Project("{2150E333-8FDC-42A3-9474-1A3956D46DE8}") = "test", "test", "{1AD92010-0595-4213-95ED-F57DF177968F}"
EndProject
Project("{FAE04EC0-301F-11D3-BF4B-00C04F79EFBC}") = "Fpl.EventPublishers", "Fpl.EventPublishers\Fpl.EventPublishers.csproj", "{33EA9DA6-8216-4AFF-9BE0-057F0CCCEFF9}"
EndProject
Project("{FAE04EC0-301F-11D3-BF4B-00C04F79EFBC}") = "FplBot.Functions", "FplBot.Functions\FplBot.Functions.csproj", "{4233A87D-825B-4CE7-8548-A367FF54E852}"
EndProject
Project("{2150E333-8FDC-42A3-9474-1A3956D46DE8}") = "infra", "infra", "{7DF3DBD2-A528-4CFE-9F09-8225D0AC437C}"
EndProject
Project("{FAE04EC0-301F-11D3-BF4B-00C04F79EFBC}") = "FplBot.Infrastructure", "FplBot.Infrastructure\FplBot.Infrastructure.csproj", "{78C54E1D-8B99-473E-AAC3-4B2399B7B949}"
EndProject
Project("{FAE04EC0-301F-11D3-BF4B-00C04F79EFBC}") = "FplBot.VerifiedEntries", "FplBot.VerifiedEntries\FplBot.VerifiedEntries.csproj", "{F4AD962C-CE59-475A-9999-599F851110E6}"
EndProject
Project("{FAE04EC0-301F-11D3-BF4B-00C04F79EFBC}") = "FplBot.WebApi.Discord", "FplBot.WebApi.Discord\FplBot.WebApi.Discord.csproj", "{6589E6EE-EA5B-4366-8B7A-4EC7D9E3FB4A}"
EndProject
Project("{FAE04EC0-301F-11D3-BF4B-00C04F79EFBC}") = "Discord.Net.Endpoints", "ext\Discord.Net.Endpoints\Discord.Net.Endpoints.csproj", "{99FBCAD7-BDD1-4C85-B0D5-C1225D13A7C5}"
EndProject
Project("{FAE04EC0-301F-11D3-BF4B-00C04F79EFBC}") = "Discord.Net.HttpClients", "ext\Discord.Net.HttpClients\Discord.Net.HttpClients.csproj", "{CF74E462-5392-4517-B1E6-8FD8252669B0}"
EndProject
Project("{FAE04EC0-301F-11D3-BF4B-00C04F79EFBC}") = "FplBot.Formatting", "FplBot.Formatting\FplBot.Formatting.csproj", "{062E0F68-65BF-4E41-9EAF-D70C9843A3C8}"
EndProject
Project("{FAE04EC0-301F-11D3-BF4B-00C04F79EFBC}") = "Fpl.EventPublishers.Console", "Fpl.EventPublishers.Console\Fpl.EventPublishers.Console.csproj", "{AE284990-83A7-4649-93D2-A60764EDB6A4}"
EndProject
Project("{FAE04EC0-301F-11D3-BF4B-00C04F79EFBC}") = "Fpl.Search.Indexer.Console", "Fpl.Search.Indexer.Console\Fpl.Search.Indexer.Console.csproj", "{35DDB4A1-C258-4260-9321-D5A53AC88638}"
EndProject
Project("{FAE04EC0-301F-11D3-BF4B-00C04F79EFBC}") = "FplBot.EventHandlers.Console", "FplBot.EventHandlers.Console\FplBot.EventHandlers.Console.csproj", "{425DA46E-E96D-4679-8432-4001B3DE486B}"
EndProject
Project("{FAE04EC0-301F-11D3-BF4B-00C04F79EFBC}") = "FplBot.Data", "FplBot.Data\FplBot.Data.csproj", "{EF20A254-A403-432F-B491-8B61017B7C99}"
EndProject
Project("{FAE04EC0-301F-11D3-BF4B-00C04F79EFBC}") = "FplBot.EventHandlers.Discord", "FplBot.EventHandlers.Discord\FplBot.EventHandlers.Discord.csproj", "{6FED1D9A-CF9D-481C-8867-C785C6D1AD6D}"
EndProject
Project("{FAE04EC0-301F-11D3-BF4B-00C04F79EFBC}") = "FplBot.EventHandlers.Slack", "FplBot.EventHandlers.Slack\FplBot.EventHandlers.Slack.csproj", "{BD0D18BF-7D9D-429E-9197-82B94B62CA02}"
EndProject
Global
	GlobalSection(SolutionConfigurationPlatforms) = preSolution
		Debug|Any CPU = Debug|Any CPU
		Debug|x64 = Debug|x64
		Debug|x86 = Debug|x86
		Release|Any CPU = Release|Any CPU
		Release|x64 = Release|x64
		Release|x86 = Release|x86
	EndGlobalSection
	GlobalSection(ProjectConfigurationPlatforms) = postSolution
		{0DB12843-588F-4B7B-837C-1D8D12683751}.Debug|Any CPU.ActiveCfg = Debug|Any CPU
		{0DB12843-588F-4B7B-837C-1D8D12683751}.Debug|Any CPU.Build.0 = Debug|Any CPU
		{0DB12843-588F-4B7B-837C-1D8D12683751}.Debug|x64.ActiveCfg = Debug|Any CPU
		{0DB12843-588F-4B7B-837C-1D8D12683751}.Debug|x64.Build.0 = Debug|Any CPU
		{0DB12843-588F-4B7B-837C-1D8D12683751}.Debug|x86.ActiveCfg = Debug|Any CPU
		{0DB12843-588F-4B7B-837C-1D8D12683751}.Debug|x86.Build.0 = Debug|Any CPU
		{0DB12843-588F-4B7B-837C-1D8D12683751}.Release|Any CPU.ActiveCfg = Release|Any CPU
		{0DB12843-588F-4B7B-837C-1D8D12683751}.Release|Any CPU.Build.0 = Release|Any CPU
		{0DB12843-588F-4B7B-837C-1D8D12683751}.Release|x64.ActiveCfg = Release|Any CPU
		{0DB12843-588F-4B7B-837C-1D8D12683751}.Release|x64.Build.0 = Release|Any CPU
		{0DB12843-588F-4B7B-837C-1D8D12683751}.Release|x86.ActiveCfg = Release|Any CPU
		{0DB12843-588F-4B7B-837C-1D8D12683751}.Release|x86.Build.0 = Release|Any CPU
		{76C6B8FB-F47B-45BA-894C-A58D48D98D56}.Debug|Any CPU.ActiveCfg = Debug|Any CPU
		{76C6B8FB-F47B-45BA-894C-A58D48D98D56}.Debug|Any CPU.Build.0 = Debug|Any CPU
		{76C6B8FB-F47B-45BA-894C-A58D48D98D56}.Debug|x64.ActiveCfg = Debug|Any CPU
		{76C6B8FB-F47B-45BA-894C-A58D48D98D56}.Debug|x64.Build.0 = Debug|Any CPU
		{76C6B8FB-F47B-45BA-894C-A58D48D98D56}.Debug|x86.ActiveCfg = Debug|Any CPU
		{76C6B8FB-F47B-45BA-894C-A58D48D98D56}.Debug|x86.Build.0 = Debug|Any CPU
		{76C6B8FB-F47B-45BA-894C-A58D48D98D56}.Release|Any CPU.ActiveCfg = Release|Any CPU
		{76C6B8FB-F47B-45BA-894C-A58D48D98D56}.Release|Any CPU.Build.0 = Release|Any CPU
		{76C6B8FB-F47B-45BA-894C-A58D48D98D56}.Release|x64.ActiveCfg = Release|Any CPU
		{76C6B8FB-F47B-45BA-894C-A58D48D98D56}.Release|x64.Build.0 = Release|Any CPU
		{76C6B8FB-F47B-45BA-894C-A58D48D98D56}.Release|x86.ActiveCfg = Release|Any CPU
		{76C6B8FB-F47B-45BA-894C-A58D48D98D56}.Release|x86.Build.0 = Release|Any CPU
		{839A5FF5-4B18-4B5A-9922-5A8F9EE29ADC}.Debug|Any CPU.ActiveCfg = Debug|Any CPU
		{839A5FF5-4B18-4B5A-9922-5A8F9EE29ADC}.Debug|Any CPU.Build.0 = Debug|Any CPU
		{839A5FF5-4B18-4B5A-9922-5A8F9EE29ADC}.Debug|x64.ActiveCfg = Debug|Any CPU
		{839A5FF5-4B18-4B5A-9922-5A8F9EE29ADC}.Debug|x64.Build.0 = Debug|Any CPU
		{839A5FF5-4B18-4B5A-9922-5A8F9EE29ADC}.Debug|x86.ActiveCfg = Debug|Any CPU
		{839A5FF5-4B18-4B5A-9922-5A8F9EE29ADC}.Debug|x86.Build.0 = Debug|Any CPU
		{839A5FF5-4B18-4B5A-9922-5A8F9EE29ADC}.Release|Any CPU.ActiveCfg = Release|Any CPU
		{839A5FF5-4B18-4B5A-9922-5A8F9EE29ADC}.Release|Any CPU.Build.0 = Release|Any CPU
		{839A5FF5-4B18-4B5A-9922-5A8F9EE29ADC}.Release|x64.ActiveCfg = Release|Any CPU
		{839A5FF5-4B18-4B5A-9922-5A8F9EE29ADC}.Release|x64.Build.0 = Release|Any CPU
		{839A5FF5-4B18-4B5A-9922-5A8F9EE29ADC}.Release|x86.ActiveCfg = Release|Any CPU
		{839A5FF5-4B18-4B5A-9922-5A8F9EE29ADC}.Release|x86.Build.0 = Release|Any CPU
		{1037B3F4-02E9-4DE4-AD56-7651E0FB7808}.Debug|Any CPU.ActiveCfg = Debug|Any CPU
		{1037B3F4-02E9-4DE4-AD56-7651E0FB7808}.Debug|Any CPU.Build.0 = Debug|Any CPU
		{1037B3F4-02E9-4DE4-AD56-7651E0FB7808}.Debug|x64.ActiveCfg = Debug|Any CPU
		{1037B3F4-02E9-4DE4-AD56-7651E0FB7808}.Debug|x64.Build.0 = Debug|Any CPU
		{1037B3F4-02E9-4DE4-AD56-7651E0FB7808}.Debug|x86.ActiveCfg = Debug|Any CPU
		{1037B3F4-02E9-4DE4-AD56-7651E0FB7808}.Debug|x86.Build.0 = Debug|Any CPU
		{1037B3F4-02E9-4DE4-AD56-7651E0FB7808}.Release|Any CPU.ActiveCfg = Release|Any CPU
		{1037B3F4-02E9-4DE4-AD56-7651E0FB7808}.Release|Any CPU.Build.0 = Release|Any CPU
		{1037B3F4-02E9-4DE4-AD56-7651E0FB7808}.Release|x64.ActiveCfg = Release|Any CPU
		{1037B3F4-02E9-4DE4-AD56-7651E0FB7808}.Release|x64.Build.0 = Release|Any CPU
		{1037B3F4-02E9-4DE4-AD56-7651E0FB7808}.Release|x86.ActiveCfg = Release|Any CPU
		{1037B3F4-02E9-4DE4-AD56-7651E0FB7808}.Release|x86.Build.0 = Release|Any CPU
		{10C77C57-4C2B-4E28-BC76-4BFB1AB0BB99}.Debug|Any CPU.ActiveCfg = Debug|Any CPU
		{10C77C57-4C2B-4E28-BC76-4BFB1AB0BB99}.Debug|Any CPU.Build.0 = Debug|Any CPU
		{10C77C57-4C2B-4E28-BC76-4BFB1AB0BB99}.Debug|x64.ActiveCfg = Debug|Any CPU
		{10C77C57-4C2B-4E28-BC76-4BFB1AB0BB99}.Debug|x64.Build.0 = Debug|Any CPU
		{10C77C57-4C2B-4E28-BC76-4BFB1AB0BB99}.Debug|x86.ActiveCfg = Debug|Any CPU
		{10C77C57-4C2B-4E28-BC76-4BFB1AB0BB99}.Debug|x86.Build.0 = Debug|Any CPU
		{10C77C57-4C2B-4E28-BC76-4BFB1AB0BB99}.Release|Any CPU.ActiveCfg = Release|Any CPU
		{10C77C57-4C2B-4E28-BC76-4BFB1AB0BB99}.Release|Any CPU.Build.0 = Release|Any CPU
		{10C77C57-4C2B-4E28-BC76-4BFB1AB0BB99}.Release|x64.ActiveCfg = Release|Any CPU
		{10C77C57-4C2B-4E28-BC76-4BFB1AB0BB99}.Release|x64.Build.0 = Release|Any CPU
		{10C77C57-4C2B-4E28-BC76-4BFB1AB0BB99}.Release|x86.ActiveCfg = Release|Any CPU
		{10C77C57-4C2B-4E28-BC76-4BFB1AB0BB99}.Release|x86.Build.0 = Release|Any CPU
		{839F77B2-CBE2-4C16-A384-F2768EAD88F6}.Debug|Any CPU.ActiveCfg = Debug|Any CPU
		{839F77B2-CBE2-4C16-A384-F2768EAD88F6}.Debug|Any CPU.Build.0 = Debug|Any CPU
		{839F77B2-CBE2-4C16-A384-F2768EAD88F6}.Debug|x64.ActiveCfg = Debug|Any CPU
		{839F77B2-CBE2-4C16-A384-F2768EAD88F6}.Debug|x64.Build.0 = Debug|Any CPU
		{839F77B2-CBE2-4C16-A384-F2768EAD88F6}.Debug|x86.ActiveCfg = Debug|Any CPU
		{839F77B2-CBE2-4C16-A384-F2768EAD88F6}.Debug|x86.Build.0 = Debug|Any CPU
		{839F77B2-CBE2-4C16-A384-F2768EAD88F6}.Release|Any CPU.ActiveCfg = Release|Any CPU
		{839F77B2-CBE2-4C16-A384-F2768EAD88F6}.Release|Any CPU.Build.0 = Release|Any CPU
		{839F77B2-CBE2-4C16-A384-F2768EAD88F6}.Release|x64.ActiveCfg = Release|Any CPU
		{839F77B2-CBE2-4C16-A384-F2768EAD88F6}.Release|x64.Build.0 = Release|Any CPU
		{839F77B2-CBE2-4C16-A384-F2768EAD88F6}.Release|x86.ActiveCfg = Release|Any CPU
		{839F77B2-CBE2-4C16-A384-F2768EAD88F6}.Release|x86.Build.0 = Release|Any CPU
		{DECDBD96-27D1-4F54-9BC7-4F6DF5842E99}.Debug|Any CPU.ActiveCfg = Debug|Any CPU
		{DECDBD96-27D1-4F54-9BC7-4F6DF5842E99}.Debug|Any CPU.Build.0 = Debug|Any CPU
		{DECDBD96-27D1-4F54-9BC7-4F6DF5842E99}.Debug|x64.ActiveCfg = Debug|Any CPU
		{DECDBD96-27D1-4F54-9BC7-4F6DF5842E99}.Debug|x64.Build.0 = Debug|Any CPU
		{DECDBD96-27D1-4F54-9BC7-4F6DF5842E99}.Debug|x86.ActiveCfg = Debug|Any CPU
		{DECDBD96-27D1-4F54-9BC7-4F6DF5842E99}.Debug|x86.Build.0 = Debug|Any CPU
		{DECDBD96-27D1-4F54-9BC7-4F6DF5842E99}.Release|Any CPU.ActiveCfg = Release|Any CPU
		{DECDBD96-27D1-4F54-9BC7-4F6DF5842E99}.Release|Any CPU.Build.0 = Release|Any CPU
		{DECDBD96-27D1-4F54-9BC7-4F6DF5842E99}.Release|x64.ActiveCfg = Release|Any CPU
		{DECDBD96-27D1-4F54-9BC7-4F6DF5842E99}.Release|x64.Build.0 = Release|Any CPU
		{DECDBD96-27D1-4F54-9BC7-4F6DF5842E99}.Release|x86.ActiveCfg = Release|Any CPU
		{DECDBD96-27D1-4F54-9BC7-4F6DF5842E99}.Release|x86.Build.0 = Release|Any CPU
		{8638EB58-F84F-43B0-9ECF-C60D8BA6B742}.Debug|Any CPU.ActiveCfg = Debug|Any CPU
		{8638EB58-F84F-43B0-9ECF-C60D8BA6B742}.Debug|Any CPU.Build.0 = Debug|Any CPU
		{8638EB58-F84F-43B0-9ECF-C60D8BA6B742}.Debug|x64.ActiveCfg = Debug|Any CPU
		{8638EB58-F84F-43B0-9ECF-C60D8BA6B742}.Debug|x64.Build.0 = Debug|Any CPU
		{8638EB58-F84F-43B0-9ECF-C60D8BA6B742}.Debug|x86.ActiveCfg = Debug|Any CPU
		{8638EB58-F84F-43B0-9ECF-C60D8BA6B742}.Debug|x86.Build.0 = Debug|Any CPU
		{8638EB58-F84F-43B0-9ECF-C60D8BA6B742}.Release|Any CPU.ActiveCfg = Release|Any CPU
		{8638EB58-F84F-43B0-9ECF-C60D8BA6B742}.Release|Any CPU.Build.0 = Release|Any CPU
		{8638EB58-F84F-43B0-9ECF-C60D8BA6B742}.Release|x64.ActiveCfg = Release|Any CPU
		{8638EB58-F84F-43B0-9ECF-C60D8BA6B742}.Release|x64.Build.0 = Release|Any CPU
		{8638EB58-F84F-43B0-9ECF-C60D8BA6B742}.Release|x86.ActiveCfg = Release|Any CPU
		{8638EB58-F84F-43B0-9ECF-C60D8BA6B742}.Release|x86.Build.0 = Release|Any CPU
		{33EA9DA6-8216-4AFF-9BE0-057F0CCCEFF9}.Debug|Any CPU.ActiveCfg = Debug|Any CPU
		{33EA9DA6-8216-4AFF-9BE0-057F0CCCEFF9}.Debug|Any CPU.Build.0 = Debug|Any CPU
		{33EA9DA6-8216-4AFF-9BE0-057F0CCCEFF9}.Debug|x64.ActiveCfg = Debug|Any CPU
		{33EA9DA6-8216-4AFF-9BE0-057F0CCCEFF9}.Debug|x64.Build.0 = Debug|Any CPU
		{33EA9DA6-8216-4AFF-9BE0-057F0CCCEFF9}.Debug|x86.ActiveCfg = Debug|Any CPU
		{33EA9DA6-8216-4AFF-9BE0-057F0CCCEFF9}.Debug|x86.Build.0 = Debug|Any CPU
		{33EA9DA6-8216-4AFF-9BE0-057F0CCCEFF9}.Release|Any CPU.ActiveCfg = Release|Any CPU
		{33EA9DA6-8216-4AFF-9BE0-057F0CCCEFF9}.Release|Any CPU.Build.0 = Release|Any CPU
		{33EA9DA6-8216-4AFF-9BE0-057F0CCCEFF9}.Release|x64.ActiveCfg = Release|Any CPU
		{33EA9DA6-8216-4AFF-9BE0-057F0CCCEFF9}.Release|x64.Build.0 = Release|Any CPU
		{33EA9DA6-8216-4AFF-9BE0-057F0CCCEFF9}.Release|x86.ActiveCfg = Release|Any CPU
		{33EA9DA6-8216-4AFF-9BE0-057F0CCCEFF9}.Release|x86.Build.0 = Release|Any CPU
		{4233A87D-825B-4CE7-8548-A367FF54E852}.Debug|Any CPU.ActiveCfg = Debug|Any CPU
		{4233A87D-825B-4CE7-8548-A367FF54E852}.Debug|Any CPU.Build.0 = Debug|Any CPU
		{4233A87D-825B-4CE7-8548-A367FF54E852}.Debug|x64.ActiveCfg = Debug|Any CPU
		{4233A87D-825B-4CE7-8548-A367FF54E852}.Debug|x64.Build.0 = Debug|Any CPU
		{4233A87D-825B-4CE7-8548-A367FF54E852}.Debug|x86.ActiveCfg = Debug|Any CPU
		{4233A87D-825B-4CE7-8548-A367FF54E852}.Debug|x86.Build.0 = Debug|Any CPU
		{4233A87D-825B-4CE7-8548-A367FF54E852}.Release|Any CPU.ActiveCfg = Release|Any CPU
		{4233A87D-825B-4CE7-8548-A367FF54E852}.Release|Any CPU.Build.0 = Release|Any CPU
		{4233A87D-825B-4CE7-8548-A367FF54E852}.Release|x64.ActiveCfg = Release|Any CPU
		{4233A87D-825B-4CE7-8548-A367FF54E852}.Release|x64.Build.0 = Release|Any CPU
		{4233A87D-825B-4CE7-8548-A367FF54E852}.Release|x86.ActiveCfg = Release|Any CPU
		{4233A87D-825B-4CE7-8548-A367FF54E852}.Release|x86.Build.0 = Release|Any CPU
		{78C54E1D-8B99-473E-AAC3-4B2399B7B949}.Debug|Any CPU.ActiveCfg = Debug|Any CPU
		{78C54E1D-8B99-473E-AAC3-4B2399B7B949}.Debug|Any CPU.Build.0 = Debug|Any CPU
		{78C54E1D-8B99-473E-AAC3-4B2399B7B949}.Debug|x64.ActiveCfg = Debug|Any CPU
		{78C54E1D-8B99-473E-AAC3-4B2399B7B949}.Debug|x64.Build.0 = Debug|Any CPU
		{78C54E1D-8B99-473E-AAC3-4B2399B7B949}.Debug|x86.ActiveCfg = Debug|Any CPU
		{78C54E1D-8B99-473E-AAC3-4B2399B7B949}.Debug|x86.Build.0 = Debug|Any CPU
		{78C54E1D-8B99-473E-AAC3-4B2399B7B949}.Release|Any CPU.ActiveCfg = Release|Any CPU
		{78C54E1D-8B99-473E-AAC3-4B2399B7B949}.Release|Any CPU.Build.0 = Release|Any CPU
		{78C54E1D-8B99-473E-AAC3-4B2399B7B949}.Release|x64.ActiveCfg = Release|Any CPU
		{78C54E1D-8B99-473E-AAC3-4B2399B7B949}.Release|x64.Build.0 = Release|Any CPU
		{78C54E1D-8B99-473E-AAC3-4B2399B7B949}.Release|x86.ActiveCfg = Release|Any CPU
		{78C54E1D-8B99-473E-AAC3-4B2399B7B949}.Release|x86.Build.0 = Release|Any CPU
		{F4AD962C-CE59-475A-9999-599F851110E6}.Debug|Any CPU.ActiveCfg = Debug|Any CPU
		{F4AD962C-CE59-475A-9999-599F851110E6}.Debug|Any CPU.Build.0 = Debug|Any CPU
		{F4AD962C-CE59-475A-9999-599F851110E6}.Debug|x64.ActiveCfg = Debug|Any CPU
		{F4AD962C-CE59-475A-9999-599F851110E6}.Debug|x64.Build.0 = Debug|Any CPU
		{F4AD962C-CE59-475A-9999-599F851110E6}.Debug|x86.ActiveCfg = Debug|Any CPU
		{F4AD962C-CE59-475A-9999-599F851110E6}.Debug|x86.Build.0 = Debug|Any CPU
		{F4AD962C-CE59-475A-9999-599F851110E6}.Release|Any CPU.ActiveCfg = Release|Any CPU
		{F4AD962C-CE59-475A-9999-599F851110E6}.Release|Any CPU.Build.0 = Release|Any CPU
		{F4AD962C-CE59-475A-9999-599F851110E6}.Release|x64.ActiveCfg = Release|Any CPU
		{F4AD962C-CE59-475A-9999-599F851110E6}.Release|x64.Build.0 = Release|Any CPU
		{F4AD962C-CE59-475A-9999-599F851110E6}.Release|x86.ActiveCfg = Release|Any CPU
		{F4AD962C-CE59-475A-9999-599F851110E6}.Release|x86.Build.0 = Release|Any CPU
		{6589E6EE-EA5B-4366-8B7A-4EC7D9E3FB4A}.Debug|Any CPU.ActiveCfg = Debug|Any CPU
		{6589E6EE-EA5B-4366-8B7A-4EC7D9E3FB4A}.Debug|Any CPU.Build.0 = Debug|Any CPU
		{6589E6EE-EA5B-4366-8B7A-4EC7D9E3FB4A}.Debug|x64.ActiveCfg = Debug|Any CPU
		{6589E6EE-EA5B-4366-8B7A-4EC7D9E3FB4A}.Debug|x64.Build.0 = Debug|Any CPU
		{6589E6EE-EA5B-4366-8B7A-4EC7D9E3FB4A}.Debug|x86.ActiveCfg = Debug|Any CPU
		{6589E6EE-EA5B-4366-8B7A-4EC7D9E3FB4A}.Debug|x86.Build.0 = Debug|Any CPU
		{6589E6EE-EA5B-4366-8B7A-4EC7D9E3FB4A}.Release|Any CPU.ActiveCfg = Release|Any CPU
		{6589E6EE-EA5B-4366-8B7A-4EC7D9E3FB4A}.Release|Any CPU.Build.0 = Release|Any CPU
		{6589E6EE-EA5B-4366-8B7A-4EC7D9E3FB4A}.Release|x64.ActiveCfg = Release|Any CPU
		{6589E6EE-EA5B-4366-8B7A-4EC7D9E3FB4A}.Release|x64.Build.0 = Release|Any CPU
		{6589E6EE-EA5B-4366-8B7A-4EC7D9E3FB4A}.Release|x86.ActiveCfg = Release|Any CPU
		{6589E6EE-EA5B-4366-8B7A-4EC7D9E3FB4A}.Release|x86.Build.0 = Release|Any CPU
		{99FBCAD7-BDD1-4C85-B0D5-C1225D13A7C5}.Debug|Any CPU.ActiveCfg = Debug|Any CPU
		{99FBCAD7-BDD1-4C85-B0D5-C1225D13A7C5}.Debug|Any CPU.Build.0 = Debug|Any CPU
		{99FBCAD7-BDD1-4C85-B0D5-C1225D13A7C5}.Debug|x64.ActiveCfg = Debug|Any CPU
		{99FBCAD7-BDD1-4C85-B0D5-C1225D13A7C5}.Debug|x64.Build.0 = Debug|Any CPU
		{99FBCAD7-BDD1-4C85-B0D5-C1225D13A7C5}.Debug|x86.ActiveCfg = Debug|Any CPU
		{99FBCAD7-BDD1-4C85-B0D5-C1225D13A7C5}.Debug|x86.Build.0 = Debug|Any CPU
		{99FBCAD7-BDD1-4C85-B0D5-C1225D13A7C5}.Release|Any CPU.ActiveCfg = Release|Any CPU
		{99FBCAD7-BDD1-4C85-B0D5-C1225D13A7C5}.Release|Any CPU.Build.0 = Release|Any CPU
		{99FBCAD7-BDD1-4C85-B0D5-C1225D13A7C5}.Release|x64.ActiveCfg = Release|Any CPU
		{99FBCAD7-BDD1-4C85-B0D5-C1225D13A7C5}.Release|x64.Build.0 = Release|Any CPU
		{99FBCAD7-BDD1-4C85-B0D5-C1225D13A7C5}.Release|x86.ActiveCfg = Release|Any CPU
		{99FBCAD7-BDD1-4C85-B0D5-C1225D13A7C5}.Release|x86.Build.0 = Release|Any CPU
		{CF74E462-5392-4517-B1E6-8FD8252669B0}.Debug|Any CPU.ActiveCfg = Debug|Any CPU
		{CF74E462-5392-4517-B1E6-8FD8252669B0}.Debug|Any CPU.Build.0 = Debug|Any CPU
		{CF74E462-5392-4517-B1E6-8FD8252669B0}.Debug|x64.ActiveCfg = Debug|Any CPU
		{CF74E462-5392-4517-B1E6-8FD8252669B0}.Debug|x64.Build.0 = Debug|Any CPU
		{CF74E462-5392-4517-B1E6-8FD8252669B0}.Debug|x86.ActiveCfg = Debug|Any CPU
		{CF74E462-5392-4517-B1E6-8FD8252669B0}.Debug|x86.Build.0 = Debug|Any CPU
		{CF74E462-5392-4517-B1E6-8FD8252669B0}.Release|Any CPU.ActiveCfg = Release|Any CPU
		{CF74E462-5392-4517-B1E6-8FD8252669B0}.Release|Any CPU.Build.0 = Release|Any CPU
		{CF74E462-5392-4517-B1E6-8FD8252669B0}.Release|x64.ActiveCfg = Release|Any CPU
		{CF74E462-5392-4517-B1E6-8FD8252669B0}.Release|x64.Build.0 = Release|Any CPU
		{CF74E462-5392-4517-B1E6-8FD8252669B0}.Release|x86.ActiveCfg = Release|Any CPU
		{CF74E462-5392-4517-B1E6-8FD8252669B0}.Release|x86.Build.0 = Release|Any CPU
		{062E0F68-65BF-4E41-9EAF-D70C9843A3C8}.Debug|Any CPU.ActiveCfg = Debug|Any CPU
		{062E0F68-65BF-4E41-9EAF-D70C9843A3C8}.Debug|Any CPU.Build.0 = Debug|Any CPU
		{062E0F68-65BF-4E41-9EAF-D70C9843A3C8}.Debug|x64.ActiveCfg = Debug|Any CPU
		{062E0F68-65BF-4E41-9EAF-D70C9843A3C8}.Debug|x64.Build.0 = Debug|Any CPU
		{062E0F68-65BF-4E41-9EAF-D70C9843A3C8}.Debug|x86.ActiveCfg = Debug|Any CPU
		{062E0F68-65BF-4E41-9EAF-D70C9843A3C8}.Debug|x86.Build.0 = Debug|Any CPU
		{062E0F68-65BF-4E41-9EAF-D70C9843A3C8}.Release|Any CPU.ActiveCfg = Release|Any CPU
		{062E0F68-65BF-4E41-9EAF-D70C9843A3C8}.Release|Any CPU.Build.0 = Release|Any CPU
		{062E0F68-65BF-4E41-9EAF-D70C9843A3C8}.Release|x64.ActiveCfg = Release|Any CPU
		{062E0F68-65BF-4E41-9EAF-D70C9843A3C8}.Release|x64.Build.0 = Release|Any CPU
		{062E0F68-65BF-4E41-9EAF-D70C9843A3C8}.Release|x86.ActiveCfg = Release|Any CPU
		{062E0F68-65BF-4E41-9EAF-D70C9843A3C8}.Release|x86.Build.0 = Release|Any CPU
		{AE284990-83A7-4649-93D2-A60764EDB6A4}.Debug|Any CPU.ActiveCfg = Debug|Any CPU
		{AE284990-83A7-4649-93D2-A60764EDB6A4}.Debug|Any CPU.Build.0 = Debug|Any CPU
		{AE284990-83A7-4649-93D2-A60764EDB6A4}.Debug|x64.ActiveCfg = Debug|Any CPU
		{AE284990-83A7-4649-93D2-A60764EDB6A4}.Debug|x64.Build.0 = Debug|Any CPU
		{AE284990-83A7-4649-93D2-A60764EDB6A4}.Debug|x86.ActiveCfg = Debug|Any CPU
		{AE284990-83A7-4649-93D2-A60764EDB6A4}.Debug|x86.Build.0 = Debug|Any CPU
		{AE284990-83A7-4649-93D2-A60764EDB6A4}.Release|Any CPU.ActiveCfg = Release|Any CPU
		{AE284990-83A7-4649-93D2-A60764EDB6A4}.Release|Any CPU.Build.0 = Release|Any CPU
		{AE284990-83A7-4649-93D2-A60764EDB6A4}.Release|x64.ActiveCfg = Release|Any CPU
		{AE284990-83A7-4649-93D2-A60764EDB6A4}.Release|x64.Build.0 = Release|Any CPU
		{AE284990-83A7-4649-93D2-A60764EDB6A4}.Release|x86.ActiveCfg = Release|Any CPU
		{AE284990-83A7-4649-93D2-A60764EDB6A4}.Release|x86.Build.0 = Release|Any CPU
		{35DDB4A1-C258-4260-9321-D5A53AC88638}.Debug|Any CPU.ActiveCfg = Debug|Any CPU
		{35DDB4A1-C258-4260-9321-D5A53AC88638}.Debug|Any CPU.Build.0 = Debug|Any CPU
		{35DDB4A1-C258-4260-9321-D5A53AC88638}.Debug|x64.ActiveCfg = Debug|Any CPU
		{35DDB4A1-C258-4260-9321-D5A53AC88638}.Debug|x64.Build.0 = Debug|Any CPU
		{35DDB4A1-C258-4260-9321-D5A53AC88638}.Debug|x86.ActiveCfg = Debug|Any CPU
		{35DDB4A1-C258-4260-9321-D5A53AC88638}.Debug|x86.Build.0 = Debug|Any CPU
		{35DDB4A1-C258-4260-9321-D5A53AC88638}.Release|Any CPU.ActiveCfg = Release|Any CPU
		{35DDB4A1-C258-4260-9321-D5A53AC88638}.Release|Any CPU.Build.0 = Release|Any CPU
		{35DDB4A1-C258-4260-9321-D5A53AC88638}.Release|x64.ActiveCfg = Release|Any CPU
		{35DDB4A1-C258-4260-9321-D5A53AC88638}.Release|x64.Build.0 = Release|Any CPU
		{35DDB4A1-C258-4260-9321-D5A53AC88638}.Release|x86.ActiveCfg = Release|Any CPU
		{35DDB4A1-C258-4260-9321-D5A53AC88638}.Release|x86.Build.0 = Release|Any CPU
		{425DA46E-E96D-4679-8432-4001B3DE486B}.Debug|Any CPU.ActiveCfg = Debug|Any CPU
		{425DA46E-E96D-4679-8432-4001B3DE486B}.Debug|Any CPU.Build.0 = Debug|Any CPU
		{425DA46E-E96D-4679-8432-4001B3DE486B}.Debug|x64.ActiveCfg = Debug|Any CPU
		{425DA46E-E96D-4679-8432-4001B3DE486B}.Debug|x64.Build.0 = Debug|Any CPU
		{425DA46E-E96D-4679-8432-4001B3DE486B}.Debug|x86.ActiveCfg = Debug|Any CPU
		{425DA46E-E96D-4679-8432-4001B3DE486B}.Debug|x86.Build.0 = Debug|Any CPU
		{425DA46E-E96D-4679-8432-4001B3DE486B}.Release|Any CPU.ActiveCfg = Release|Any CPU
		{425DA46E-E96D-4679-8432-4001B3DE486B}.Release|Any CPU.Build.0 = Release|Any CPU
		{425DA46E-E96D-4679-8432-4001B3DE486B}.Release|x64.ActiveCfg = Release|Any CPU
		{425DA46E-E96D-4679-8432-4001B3DE486B}.Release|x64.Build.0 = Release|Any CPU
		{425DA46E-E96D-4679-8432-4001B3DE486B}.Release|x86.ActiveCfg = Release|Any CPU
		{425DA46E-E96D-4679-8432-4001B3DE486B}.Release|x86.Build.0 = Release|Any CPU
		{EF20A254-A403-432F-B491-8B61017B7C99}.Debug|Any CPU.ActiveCfg = Debug|Any CPU
		{EF20A254-A403-432F-B491-8B61017B7C99}.Debug|Any CPU.Build.0 = Debug|Any CPU
		{EF20A254-A403-432F-B491-8B61017B7C99}.Debug|x64.ActiveCfg = Debug|Any CPU
		{EF20A254-A403-432F-B491-8B61017B7C99}.Debug|x64.Build.0 = Debug|Any CPU
		{EF20A254-A403-432F-B491-8B61017B7C99}.Debug|x86.ActiveCfg = Debug|Any CPU
		{EF20A254-A403-432F-B491-8B61017B7C99}.Debug|x86.Build.0 = Debug|Any CPU
		{EF20A254-A403-432F-B491-8B61017B7C99}.Release|Any CPU.ActiveCfg = Release|Any CPU
		{EF20A254-A403-432F-B491-8B61017B7C99}.Release|Any CPU.Build.0 = Release|Any CPU
		{EF20A254-A403-432F-B491-8B61017B7C99}.Release|x64.ActiveCfg = Release|Any CPU
		{EF20A254-A403-432F-B491-8B61017B7C99}.Release|x64.Build.0 = Release|Any CPU
		{EF20A254-A403-432F-B491-8B61017B7C99}.Release|x86.ActiveCfg = Release|Any CPU
		{EF20A254-A403-432F-B491-8B61017B7C99}.Release|x86.Build.0 = Release|Any CPU
		{6FED1D9A-CF9D-481C-8867-C785C6D1AD6D}.Debug|Any CPU.ActiveCfg = Debug|Any CPU
		{6FED1D9A-CF9D-481C-8867-C785C6D1AD6D}.Debug|Any CPU.Build.0 = Debug|Any CPU
		{6FED1D9A-CF9D-481C-8867-C785C6D1AD6D}.Debug|x64.ActiveCfg = Debug|Any CPU
		{6FED1D9A-CF9D-481C-8867-C785C6D1AD6D}.Debug|x64.Build.0 = Debug|Any CPU
		{6FED1D9A-CF9D-481C-8867-C785C6D1AD6D}.Debug|x86.ActiveCfg = Debug|Any CPU
		{6FED1D9A-CF9D-481C-8867-C785C6D1AD6D}.Debug|x86.Build.0 = Debug|Any CPU
		{6FED1D9A-CF9D-481C-8867-C785C6D1AD6D}.Release|Any CPU.ActiveCfg = Release|Any CPU
		{6FED1D9A-CF9D-481C-8867-C785C6D1AD6D}.Release|Any CPU.Build.0 = Release|Any CPU
		{6FED1D9A-CF9D-481C-8867-C785C6D1AD6D}.Release|x64.ActiveCfg = Release|Any CPU
		{6FED1D9A-CF9D-481C-8867-C785C6D1AD6D}.Release|x64.Build.0 = Release|Any CPU
		{6FED1D9A-CF9D-481C-8867-C785C6D1AD6D}.Release|x86.ActiveCfg = Release|Any CPU
		{6FED1D9A-CF9D-481C-8867-C785C6D1AD6D}.Release|x86.Build.0 = Release|Any CPU
		{BD0D18BF-7D9D-429E-9197-82B94B62CA02}.Debug|Any CPU.ActiveCfg = Debug|Any CPU
		{BD0D18BF-7D9D-429E-9197-82B94B62CA02}.Debug|Any CPU.Build.0 = Debug|Any CPU
		{BD0D18BF-7D9D-429E-9197-82B94B62CA02}.Debug|x64.ActiveCfg = Debug|Any CPU
		{BD0D18BF-7D9D-429E-9197-82B94B62CA02}.Debug|x64.Build.0 = Debug|Any CPU
		{BD0D18BF-7D9D-429E-9197-82B94B62CA02}.Debug|x86.ActiveCfg = Debug|Any CPU
		{BD0D18BF-7D9D-429E-9197-82B94B62CA02}.Debug|x86.Build.0 = Debug|Any CPU
		{BD0D18BF-7D9D-429E-9197-82B94B62CA02}.Release|Any CPU.ActiveCfg = Release|Any CPU
		{BD0D18BF-7D9D-429E-9197-82B94B62CA02}.Release|Any CPU.Build.0 = Release|Any CPU
		{BD0D18BF-7D9D-429E-9197-82B94B62CA02}.Release|x64.ActiveCfg = Release|Any CPU
		{BD0D18BF-7D9D-429E-9197-82B94B62CA02}.Release|x64.Build.0 = Release|Any CPU
		{BD0D18BF-7D9D-429E-9197-82B94B62CA02}.Release|x86.ActiveCfg = Release|Any CPU
		{BD0D18BF-7D9D-429E-9197-82B94B62CA02}.Release|x86.Build.0 = Release|Any CPU
	EndGlobalSection
	GlobalSection(SolutionProperties) = preSolution
		HideSolutionNode = FALSE
	EndGlobalSection
	GlobalSection(NestedProjects) = preSolution
		{3A8DA51F-F076-4468-8F49-B101E912748C} = {F7DA770E-772F-4E70-BD50-1121343BA7D7}
		{76C6B8FB-F47B-45BA-894C-A58D48D98D56} = {8BF7B64C-7CAC-489B-B419-F5B2A20954D9}
		{839A5FF5-4B18-4B5A-9922-5A8F9EE29ADC} = {8BF7B64C-7CAC-489B-B419-F5B2A20954D9}
		{1037B3F4-02E9-4DE4-AD56-7651E0FB7808} = {8BF7B64C-7CAC-489B-B419-F5B2A20954D9}
		{8638EB58-F84F-43B0-9ECF-C60D8BA6B742} = {8BF7B64C-7CAC-489B-B419-F5B2A20954D9}
		{DECDBD96-27D1-4F54-9BC7-4F6DF5842E99} = {8BF7B64C-7CAC-489B-B419-F5B2A20954D9}
		{839F77B2-CBE2-4C16-A384-F2768EAD88F6} = {8BF7B64C-7CAC-489B-B419-F5B2A20954D9}
		{0DB12843-588F-4B7B-837C-1D8D12683751} = {1AD92010-0595-4213-95ED-F57DF177968F}
		{10C77C57-4C2B-4E28-BC76-4BFB1AB0BB99} = {1AD92010-0595-4213-95ED-F57DF177968F}
		{33EA9DA6-8216-4AFF-9BE0-057F0CCCEFF9} = {8BF7B64C-7CAC-489B-B419-F5B2A20954D9}
		{4233A87D-825B-4CE7-8548-A367FF54E852} = {8BF7B64C-7CAC-489B-B419-F5B2A20954D9}
		{78C54E1D-8B99-473E-AAC3-4B2399B7B949} = {7DF3DBD2-A528-4CFE-9F09-8225D0AC437C}
		{F4AD962C-CE59-475A-9999-599F851110E6} = {8BF7B64C-7CAC-489B-B419-F5B2A20954D9}
		{6589E6EE-EA5B-4366-8B7A-4EC7D9E3FB4A} = {8BF7B64C-7CAC-489B-B419-F5B2A20954D9}
		{99FBCAD7-BDD1-4C85-B0D5-C1225D13A7C5} = {51FD3283-052A-4E69-B969-B487BF5BBA69}
		{CF74E462-5392-4517-B1E6-8FD8252669B0} = {51FD3283-052A-4E69-B969-B487BF5BBA69}
		{062E0F68-65BF-4E41-9EAF-D70C9843A3C8} = {8BF7B64C-7CAC-489B-B419-F5B2A20954D9}
		{AE284990-83A7-4649-93D2-A60764EDB6A4} = {8BF7B64C-7CAC-489B-B419-F5B2A20954D9}
		{35DDB4A1-C258-4260-9321-D5A53AC88638} = {8BF7B64C-7CAC-489B-B419-F5B2A20954D9}
		{425DA46E-E96D-4679-8432-4001B3DE486B} = {8BF7B64C-7CAC-489B-B419-F5B2A20954D9}
		{EF20A254-A403-432F-B491-8B61017B7C99} = {8BF7B64C-7CAC-489B-B419-F5B2A20954D9}
		{6FED1D9A-CF9D-481C-8867-C785C6D1AD6D} = {8BF7B64C-7CAC-489B-B419-F5B2A20954D9}
		{BD0D18BF-7D9D-429E-9197-82B94B62CA02} = {8BF7B64C-7CAC-489B-B419-F5B2A20954D9}
	EndGlobalSection
	GlobalSection(ExtensibilityGlobals) = postSolution
		SolutionGuid = {B0BB4AA1-C89E-4A74-87DA-74A5E209B8B0}
	EndGlobalSection
EndGlobal
